{
  "name": "переводы офферов",
  "lockfileVersion": 3,
  "requires": true,
  "packages": {
    "": {
      "dependencies": {
        "eslint-linter-browserify": "^10.0.1"
      }
    },
    "node_modules/eslint-linter-browserify": {
      "version": "10.0.1",
      "resolved": "https://registry.npmjs.org/eslint-linter-browserify/-/eslint-linter-browserify-10.0.1.tgz",
      "integrity": "sha512-YKBUbmTVQTgVBQ951a7yNU2XI48m2ziPpZaxECgJ/WKjsdDV9qclQIuD+CsO02HlVK0xYPQMcgsTF7RT/APTMA==",
      "license": "MIT"
    }
  }
}



